// !$*UTF8*$!
{
	archiveVersion = 1;
	classes = {
	};
	objectVersion = 46;
	objects = {

/* Begin PBXBuildFile section */
		504486B61E742B2A00B8F843 /* main.c in Sources */ = {isa = PBXBuildFile; fileRef = 504486B51E742B2A00B8F843 /* main.c */; };
		504486BE1E75228E00B8F843 /* Joseph.c in Sources */ = {isa = PBXBuildFile; fileRef = 504486BC1E75228E00B8F843 /* Joseph.c */; };
/* End PBXBuildFile section */

/* Begin PBXCopyFilesBuildPhase section */
		504486B01E742B2A00B8F843 /* CopyFiles */ = {
			isa = PBXCopyFilesBuildPhase;
			buildActionMask = 2147483647;
			dstPath = /usr/share/man/man1/;
			dstSubfolderSpec = 0;
			files = (
			);
			runOnlyForDeploymentPostprocessing = 1;
		};
/* End PBXCopyFilesBuildPhase section */

/* Begin PBXFileReference section */
		504486B21E742B2A00B8F843 /* b */ = {isa = PBXFileReference; explicitFileType = "compiled.mach-o.executable"; includeInIndex = 0; path = b; sourceTree = BUILT_PRODUCTS_DIR; };
		504486B51E742B2A00B8F843 /* main.c */ = {isa = PBXFileReference; lastKnownFileType = sourcecode.c.c; path = main.c; sourceTree = "<group>"; };
		504486BC1E75228E00B8F843 /* Joseph.c */ = {isa = PBXFileReference; fileEncoding = 4; lastKnownFileType = sourcecode.c.c; path = Joseph.c; sourceTree = "<group>"; };
		504486BD1E75228E00B8F843 /* Joseph.h */ = {isa = PBXFileReference; fileEncoding = 4; lastKnownFileType = sourcecode.c.h; path = Joseph.h; sourceTree = "<group>"; };
/* End PBXFileReference section */

/* Begin PBXFrameworksBuildPhase section */
		504486AF1E742B2A00B8F843 /* Frameworks */ = {
			isa = PBXFrameworksBuildPhase;
			buildActionMask = 2147483647;
			files = (
			);
			runOnlyForDeploymentPostprocessing = 0;
		};
/* End PBXFrameworksBuildPhase section */

/* Begin PBXGroup section */
		504486A91E742B2A00B8F843 = {
			isa = PBXGroup;
			children = (
				504486B41E742B2A00B8F843 /* b */,
				504486B31E742B2A00B8F843 /* Products */,
			);
			sourceTree = "<group>";
		};
		504486B31E742B2A00B8F843 /* Products */ = {
			isa = PBXGroup;
			children = (
				504486B21E742B2A00B8F843 /* b */,
			);
			name = Products;
			sourceTree = "<group>";
		};
		504486B41E742B2A00B8F843 /* b */ = {
			isa = PBXGroup;
			children = (
				504486B51E742B2A00B8F843 /* main.c */,
				504486BC1E75228E00B8F843 /* Joseph.c */,
				504486BD1E75228E00B8F843 /* Joseph.h */,
			);
			path = b;
			sourceTree = "<group>";
		};
/* End PBXGroup section */

/* Begin PBXNativeTarget section */
		504486B11E742B2A00B8F843 /* b */ = {
			isa = PBXNativeTarget;
			buildConfigurationList = 504486B91E742B2A00B8F843 /* Build configuration list for PBXNativeTarget "b" */;
			buildPhases = (
				504486AE1E742B2A00B8F843 /* Sources */,
				504486AF1E742B2A00B8F843 /* Frameworks */,
				504486B01E742B2A00B8F843 /* CopyFiles */,
			);
			buildRules = (
			);
			dependencies = (
			);
			name = b;
			productName = b;
			productReference = 504486B21E742B2A00B8F843 /* b */;
			productType = "com.apple.product-type.tool";
		};
/* End PBXNativeTarget section */

/* Begin PBXProject section */
		504486AA1E742B2A00B8F843 /* Project object */ = {
			isa = PBXProject;
			attributes = {
				LastUpgradeCheck = 0820;
				ORGANIZATIONNAME = Taro;
				TargetAttributes = {
					504486B11E742B2A00B8F843 = {
						CreatedOnToolsVersion = 8.2.1;
						DevelopmentTeam = N85MR7EVWF;
						ProvisioningStyle = Automatic;
					};
				};
			};
			buildConfigurationList = 504486AD1E742B2A00B8F843 /* Build configuration list for PBXProject "b" */;
			compatibilityVersion = "Xcode 3.2";
			developmentRegion = English;
			hasScannedForEncodings = 0;
			knownRegions = (
				en,
			);
			mainGroup = 504486A91E742B2A00B8F843;
			productRefGroup = 504486B31E742B2A00B8F843 /* Products */;
			projectDirPath = "";
			projectRoot = "";
			targets = (
				504486B11E742B2A00B8F843 /* b */,
			);
		};
/* End PBXProject section */

/* Begin PBXSourcesBuildPhase section */
		504486AE1E742B2A00B8F843 /* Sources */ = {
			isa = PBXSourcesBuildPhase;
			buildActionMask = 2147483647;
			files = (
				504486BE1E75228E00B8F843 /* Joseph.c in Sources */,
				504486B61E742B2A00B8F843 /* main.c in Sources */,
			);
			runOnlyForDeploymentPostprocessing = 0;
		};
/* End PBXSourcesBuildPhase section */

/* Begin XCBuildConfiguration section */
		504486B71E742B2A00B8F843 /* Debug */ = {
			isa = XCBuildConfiguration;
			buildSettings = {
				ALWAYS_SEARCH_USER_PATHS = NO;
				CLANG_ANALYZER_NONNULL = YES;
				CLANG_CXX_LANGUAGE_STANDARD = "gnu++0x";
				CLANG_CXX_LIBRARY = "libc++";
				CLANG_ENABLE_MODULES = YES;
				CLANG_ENABLE_OBJC_ARC = YES;
				CLANG_WARN_BOOL_CONVERSION = YES;
				CLANG_WARN_CONSTANT_CONVERSION = YES;
				CLANG_WARN_DIRECT_OBJC_ISA_USAGE = YES_ERROR;
				CLANG_WARN_DOCUMENTATION_COMMENTS = YES;
				CLANG_WARN_EMPTY_BODY = YES;
				CLANG_WARN_ENUM_CONVERSION = YES;
				CLANG_WARN_INFINITE_RECURSION = YES;
				CLANG_WARN_INT_CONVERSION = YES;
				CLANG_WARN_OBJC_ROOT_CLASS = YES_ERROR;
				CLANG_WARN_SUSPICIOUS_MOVE = YES;
				CLANG_WARN_UNREACHABLE_CODE = YES;
				CLANG_WARN__DUPLICATE_METHOD_MATCH = YES;
				CODE_SIGN_IDENTITY = "-";
				COPY_PHASE_STRIP = NO;
				DEBUG_INFORMATION_FORMAT = dwarf;
				ENABLE_STRICT_OBJC_MSGSEND = YES;
				ENABLE_TESTABILITY = YES;
				GCC_C_LANGUAGE_STANDARD = gnu99;
				GCC_DYNAMIC_NO_PIC = NO;
				GCC_NO_COMMON_BLOCKS = YES;
				GCC_OPTIMIZATION_LEVEL = 0;
				GCC_PREPROCESSOR_DEFINITIONS = (
					"DEBUG=1",
					"$(inherited)",
				);
				GCC_WARN_64_TO_32_BIT_CONVERSION = YES;
				GCC_WARN_ABOUT_RETURN_TYPE = YES_ERROR;
				GCC_WARN_UNDECLARED_SELECTOR = YES;
				GCC_WARN_UNINITIALIZED_AUTOS = YES_AGGRESSIVE;
				GCC_WARN_UNUSED_FUNCTION = YES;
				GCC_WARN_UNUSED_VARIABLE = YES;
				MACOSX_DEPLOYMENT_TARGET = 10.12;
				MTL_ENABLE_DEBUG_INFO = YES;
				ONLY_ACTIVE_ARCH = YES;
				SDKROOT = macosx;
			};
			name = Debug;
		};
		504486B81E742B2A00B8F843 /* Release */ = {
			isa = XCBuildConfiguration;
			buildSettings = {
				ALWAYS_SEARCH_USER_PATHS = NO;
				CLANG_ANALYZER_NONNULL = YES;
				CLANG_CXX_LANGUAGE_STANDARD = "gnu++0x";
				CLANG_CXX_LIBRARY = "libc++";
				CLANG_ENABLE_MODULES = YES;
				CLANG_ENABLE_OBJC_ARC = YES;
				CLANG_WARN_BOOL_CONVERSION = YES;
				CLANG_WARN_CONSTANT_CONVERSION = YES;
				CLANG_WARN_DIRECT_OBJC_ISA_USAGE = YES_ERROR;
				CLANG_WARN_DOCUMENTATION_COMMENTS = YES;
				CLANG_WARN_EMPTY_BODY = YES;
				CLANG_WARN_ENUM_CONVERSION = YES;
				CLANG_WARN_INFINITE_RECURSION = YES;
				CLANG_WARN_INT_CONVERSION = YES;
				CLANG_WARN_OBJC_ROOT_CLASS = YES_ERROR;
				CLANG_WARN_SUSPICIOUS_MOVE = YES;
				CLANG_WARN_UNREACHABLE_CODE = YES;
				CLANG_WARN__DUPLICATE_METHOD_MATCH = YES;
				CODE_SIGN_IDENTITY = "-";
				COPY_PHASE_STRIP = NO;
				DEBUG_INFORMATION_FORMAT = "dwarf-with-dsym";
				ENABLE_NS_ASSERTIONS = NO;
				ENABLE_STRICT_OBJC_MSGSEND = YES;
				GCC_C_LANGUAGE_STANDARD = gnu99;
				GCC_NO_COMMON_BLOCKS = YES;
				GCC_WARN_64_TO_32_BIT_CONVERSION = YES;
				GCC_WARN_ABOUT_RETURN_TYPE = YES_ERROR;
				GCC_WARN_UNDECLARED_SELECTOR = YES;
				GCC_WARN_UNINITIALIZED_AUTOS = YES_AGGRESSIVE;
				GCC_WARN_UNUSED_FUNCTION = YES;
				GCC_WARN_UNUSED_VARIABLE = YES;
				MACOSX_DEPLOYMENT_TARGET = 10.12;
				MTL_ENABLE_DEBUG_INFO = NO;
				SDKROOT = macosx;
			};
			name = Release;
		};
		504486BA1E742B2A00B8F843 /* Debug */ = {
			isa = XCBuildConfiguration;
			buildSettings = {
				DEVELOPMENT_TEAM = N85MR7EVWF;
				PRODUCT_NAME = "$(TARGET_NAME)";
			};
			name = Debug;
		};
		504486BB1E742B2A00B8F843 /* Release */ = {
			isa = XCBuildConfiguration;
			buildSettings = {
				DEVELOPMENT_TEAM = N85MR7EVWF;
				PRODUCT_NAME = "$(TARGET_NAME)";
			};
			name = Release;
		};
/* End XCBuildConfiguration section */

/* Begin XCConfigurationList section */
		504486AD1E742B2A00B8F843 /* Build configuration list for PBXProject "b" */ = {
			isa = XCConfigurationList;
			buildConfigurations = (
				504486B71E742B2A00B8F843 /* Debug */,
				504486B81E742B2A00B8F843 /* Release */,
			);
			defaultConfigurationIsVisible = 0;
			defaultConfigurationName = Release;
		};
		504486B91E742B2A00B8F843 /* Build configuration list for PBXNativeTarget "b" */ = {
			isa = XCConfigurationList;
			buildConfigurations = (
				504486BA1E742B2A00B8F843 /* Debug */,
				504486BB1E742B2A00B8F843 /* Release */,
			);
			defaultConfigurationIsVisible = 0;
		};
/* End XCConfigurationList section */
	};
	rootObject = 504486AA1E742B2A00B8F843 /* Project object */;
}
